Microsoft Visual Studio Solution File, Format Version 12.00
# Visual Studio Version 17
VisualStudioVersion = 17.5.2.0
MinimumVisualStudioVersion = 10.0.40219.1
Project("{FAE04EC0-301F-11D3-BF4B-00C04F79EFBC}") = "XmlValidator", "XmlValidator.csproj", "{A81B64D9-E031-01B2-C325-04F6FAEA1E4C}"
EndProject
Global
	GlobalSection(SolutionConfigurationPlatforms) = preSolution
		Debug|Any CPU = Debug|Any CPU
		Release|Any CPU = Release|Any CPU
	EndGlobalSection
	GlobalSection(ProjectConfigurationPlatforms) = postSolution
		{A81B64D9-E031-01B2-C325-04F6FAEA1E4C}.Debug|Any CPU.ActiveCfg = Debug|Any CPU
		{A81B64D9-E031-01B2-C325-04F6FAEA1E4C}.Debug|Any CPU.Build.0 = Debug|Any CPU
		{A81B64D9-E031-01B2-C325-04F6FAEA1E4C}.Release|Any CPU.ActiveCfg = Release|Any CPU
		{A81B64D9-E031-01B2-C325-04F6FAEA1E4C}.Release|Any CPU.Build.0 = Release|Any CPU
	EndGlobalSection
	GlobalSection(SolutionProperties) = preSolution
		HideSolutionNode = FALSE
	EndGlobalSection
	GlobalSection(ExtensibilityGlobals) = postSolution
		SolutionGuid = {19F4665F-0084-4C7F-836A-CE30B759BA50}
	EndGlobalSection
EndGlobal
